
Microsoft Visual Studio Solution File, Format Version 12.00
# Visual Studio Version 17
VisualStudioVersion = 17.1.32407.343
MinimumVisualStudioVersion = 10.0.40219.1
Project("{FAE04EC0-301F-11D3-BF4B-00C04F79EFBC}") = "Game_One", "Game_One\Game_One.csproj", "{170BFC9F-4D46-438C-B378-B7CB8D8651CF}"
EndProject
Project("{FAE04EC0-301F-11D3-BF4B-00C04F79EFBC}") = "ClassCore", "ClassCore\ClassCore.csproj", "{3EDC9784-5205-498E-948B-19AD5098147C}"
EndProject
Global
	GlobalSection(SolutionConfigurationPlatforms) = preSolution
		Debug|Any CPU = Debug|Any CPU
		Release|Any CPU = Release|Any CPU
	EndGlobalSection
	GlobalSection(ProjectConfigurationPlatforms) = postSolution
		{170BFC9F-4D46-438C-B378-B7CB8D8651CF}.Debug|Any CPU.ActiveCfg = Debug|Any CPU
		{170BFC9F-4D46-438C-B378-B7CB8D8651CF}.Debug|Any CPU.Build.0 = Debug|Any CPU
		{170BFC9F-4D46-438C-B378-B7CB8D8651CF}.Release|Any CPU.ActiveCfg = Release|Any CPU
		{170BFC9F-4D46-438C-B378-B7CB8D8651CF}.Release|Any CPU.Build.0 = Release|Any CPU
		{3EDC9784-5205-498E-948B-19AD5098147C}.Debug|Any CPU.ActiveCfg = Debug|Any CPU
		{3EDC9784-5205-498E-948B-19AD5098147C}.Debug|Any CPU.Build.0 = Debug|Any CPU
		{3EDC9784-5205-498E-948B-19AD5098147C}.Release|Any CPU.ActiveCfg = Release|Any CPU
		{3EDC9784-5205-498E-948B-19AD5098147C}.Release|Any CPU.Build.0 = Release|Any CPU
	EndGlobalSection
	GlobalSection(SolutionProperties) = preSolution
		HideSolutionNode = FALSE
	EndGlobalSection
	GlobalSection(ExtensibilityGlobals) = postSolution
		SolutionGuid = {9E702553-5861-4A32-965E-37F6A9F5ACED}
	EndGlobalSection
EndGlobal
